
Microsoft Visual Studio Solution File, Format Version 12.00
# Visual Studio Version 16
VisualStudioVersion = 16.0.30002.166
MinimumVisualStudioVersion = 10.0.40219.1
Project("{9A19103F-16F7-4668-BE54-9A1E7A4F7556}") = "Business", "Business\Business.csproj", "{A72449A0-1A25-4CAA-99DE-19F97CE68FCE}"
EndProject
Project("{9A19103F-16F7-4668-BE54-9A1E7A4F7556}") = "DataAccess", "DataAccess\DataAccess.csproj", "{0C443341-0A53-4542-8FED-EBACE78E31C6}"
EndProject
Project("{9A19103F-16F7-4668-BE54-9A1E7A4F7556}") = "Entities", "Entities\Entities.csproj", "{6FC090E0-DBA8-40D4-A3FA-AFF3D15C7B72}"
EndProject
Project("{9A19103F-16F7-4668-BE54-9A1E7A4F7556}") = "Core", "Core\Core.csproj", "{0872E9FE-638A-4B8A-B93A-50E1D1EB997C}"
EndProject
Project("{9A19103F-16F7-4668-BE54-9A1E7A4F7556}") = "WebAPI", "WebAPI\WebAPI.csproj", "{BFF483B3-9208-4ED4-9D3B-D06397A6C1B7}"
EndProject
Global
	GlobalSection(SolutionConfigurationPlatforms) = preSolution
		Debug|Any CPU = Debug|Any CPU
		Release|Any CPU = Release|Any CPU
	EndGlobalSection
	GlobalSection(ProjectConfigurationPlatforms) = postSolution
		{A72449A0-1A25-4CAA-99DE-19F97CE68FCE}.Debug|Any CPU.ActiveCfg = Debug|Any CPU
		{A72449A0-1A25-4CAA-99DE-19F97CE68FCE}.Debug|Any CPU.Build.0 = Debug|Any CPU
		{A72449A0-1A25-4CAA-99DE-19F97CE68FCE}.Release|Any CPU.ActiveCfg = Release|Any CPU
		{A72449A0-1A25-4CAA-99DE-19F97CE68FCE}.Release|Any CPU.Build.0 = Release|Any CPU
		{0C443341-0A53-4542-8FED-EBACE78E31C6}.Debug|Any CPU.ActiveCfg = Debug|Any CPU
		{0C443341-0A53-4542-8FED-EBACE78E31C6}.Debug|Any CPU.Build.0 = Debug|Any CPU
		{0C443341-0A53-4542-8FED-EBACE78E31C6}.Release|Any CPU.ActiveCfg = Release|Any CPU
		{0C443341-0A53-4542-8FED-EBACE78E31C6}.Release|Any CPU.Build.0 = Release|Any CPU
		{6FC090E0-DBA8-40D4-A3FA-AFF3D15C7B72}.Debug|Any CPU.ActiveCfg = Debug|Any CPU
		{6FC090E0-DBA8-40D4-A3FA-AFF3D15C7B72}.Debug|Any CPU.Build.0 = Debug|Any CPU
		{6FC090E0-DBA8-40D4-A3FA-AFF3D15C7B72}.Release|Any CPU.ActiveCfg = Release|Any CPU
		{6FC090E0-DBA8-40D4-A3FA-AFF3D15C7B72}.Release|Any CPU.Build.0 = Release|Any CPU
		{0872E9FE-638A-4B8A-B93A-50E1D1EB997C}.Debug|Any CPU.ActiveCfg = Debug|Any CPU
		{0872E9FE-638A-4B8A-B93A-50E1D1EB997C}.Debug|Any CPU.Build.0 = Debug|Any CPU
		{0872E9FE-638A-4B8A-B93A-50E1D1EB997C}.Release|Any CPU.ActiveCfg = Release|Any CPU
		{0872E9FE-638A-4B8A-B93A-50E1D1EB997C}.Release|Any CPU.Build.0 = Release|Any CPU
		{BFF483B3-9208-4ED4-9D3B-D06397A6C1B7}.Debug|Any CPU.ActiveCfg = Debug|Any CPU
		{BFF483B3-9208-4ED4-9D3B-D06397A6C1B7}.Debug|Any CPU.Build.0 = Debug|Any CPU
		{BFF483B3-9208-4ED4-9D3B-D06397A6C1B7}.Release|Any CPU.ActiveCfg = Release|Any CPU
		{BFF483B3-9208-4ED4-9D3B-D06397A6C1B7}.Release|Any CPU.Build.0 = Release|Any CPU
	EndGlobalSection
	GlobalSection(SolutionProperties) = preSolution
		HideSolutionNode = FALSE
	EndGlobalSection
	GlobalSection(ExtensibilityGlobals) = postSolution
		SolutionGuid = {4A9B9EAC-7704-42B5-BA84-1E0C15CFF241}
	EndGlobalSection
EndGlobal
